{
  "name": "namche-api-proxy",
  "version": "0.1.0",
  "lockfileVersion": 3,
  "requires": true,
  "packages": {
    "": {
      "name": "namche-api-proxy",
      "version": "0.1.0",
      "dependencies": {
        "@hono/node-server": "^1.19.4",
        "hono": "^4.10.2"
      }
    },
    "node_modules/@hono/node-server": {
      "version": "1.19.9",
      "resolved": "https://registry.npmjs.org/@hono/node-server/-/node-server-1.19.9.tgz",
      "integrity": "sha512-vHL6w3ecZsky+8P5MD+eFfaGTyCeOHUIFYMGpQGbrBTSmNNoxv0if69rEZ5giu36weC5saFuznL411gRX7bJDw==",
      "license": "MIT",
      "engines": {
        "node": ">=18.14.1"
      },
      "peerDependencies": {
        "hono": "^4"
      }
    },
    "node_modules/hono": {
      "version": "4.12.1",
      "resolved": "https://registry.npmjs.org/hono/-/hono-4.12.1.tgz",
      "integrity": "sha512-hi9afu8g0lfJVLolxElAZGANCTTl6bewIdsRNhaywfP9K8BPf++F2z6OLrYGIinUwpRKzbZHMhPwvc0ZEpAwGw==",
      "license": "MIT",
      "engines": {
        "node": ">=16.9.0"
      }
    }
  }
}
